
Microsoft Visual Studio Solution File, Format Version 12.00
# Visual Studio 15
VisualStudioVersion = 15.0.27703.2026
MinimumVisualStudioVersion = 10.0.40219.1
Project("{FAE04EC0-301F-11D3-BF4B-00C04F79EFBC}") = "ConsoleWrapper", "ConsoleWrapper\ConsoleWrapper.csproj", "{D134DB5B-3986-4B64-A962-D6EACF564703}"
EndProject
Global
	GlobalSection(SolutionConfigurationPlatforms) = preSolution
		Debug|Any CPU = Debug|Any CPU
		Release|Any CPU = Release|Any CPU
	EndGlobalSection
	GlobalSection(ProjectConfigurationPlatforms) = postSolution
		{D134DB5B-3986-4B64-A962-D6EACF564703}.Debug|Any CPU.ActiveCfg = Debug|Any CPU
		{D134DB5B-3986-4B64-A962-D6EACF564703}.Debug|Any CPU.Build.0 = Debug|Any CPU
		{D134DB5B-3986-4B64-A962-D6EACF564703}.Release|Any CPU.ActiveCfg = Release|Any CPU
		{D134DB5B-3986-4B64-A962-D6EACF564703}.Release|Any CPU.Build.0 = Release|Any CPU
	EndGlobalSection
	GlobalSection(SolutionProperties) = preSolution
		HideSolutionNode = FALSE
	EndGlobalSection
	GlobalSection(ExtensibilityGlobals) = postSolution
		SolutionGuid = {42768FCB-DC81-4BC0-B086-7D74ECD39B07}
	EndGlobalSection
EndGlobal
